
Microsoft Visual Studio Solution File, Format Version 12.00
# Visual Studio Version 17
VisualStudioVersion = 17.7.34221.43
MinimumVisualStudioVersion = 10.0.40219.1
Project("{FAE04EC0-301F-11D3-BF4B-00C04F79EFBC}") = "kNN", "kNN.csproj", "{982C8A8E-47CD-4EAF-B0FB-ACD944B2BE73}"
EndProject
Global
	GlobalSection(SolutionConfigurationPlatforms) = preSolution
		Debug|Any CPU = Debug|Any CPU
		Release|Any CPU = Release|Any CPU
	EndGlobalSection
	GlobalSection(ProjectConfigurationPlatforms) = postSolution
		{982C8A8E-47CD-4EAF-B0FB-ACD944B2BE73}.Debug|Any CPU.ActiveCfg = Debug|Any CPU
		{982C8A8E-47CD-4EAF-B0FB-ACD944B2BE73}.Debug|Any CPU.Build.0 = Debug|Any CPU
		{982C8A8E-47CD-4EAF-B0FB-ACD944B2BE73}.Release|Any CPU.ActiveCfg = Release|Any CPU
		{982C8A8E-47CD-4EAF-B0FB-ACD944B2BE73}.Release|Any CPU.Build.0 = Release|Any CPU
	EndGlobalSection
	GlobalSection(SolutionProperties) = preSolution
		HideSolutionNode = FALSE
	EndGlobalSection
	GlobalSection(ExtensibilityGlobals) = postSolution
		SolutionGuid = {A181484A-5C98-4102-8F1B-07F108D201FA}
	EndGlobalSection
EndGlobal
