
Microsoft Visual Studio Solution File, Format Version 12.00
# Visual Studio Version 17
VisualStudioVersion = 17.11.35208.52
MinimumVisualStudioVersion = 10.0.40219.1
Project("{FAE04EC0-301F-11D3-BF4B-00C04F79EFBC}") = "Test_Version", "Test_Version\Test_Version.csproj", "{2E6F910A-EC5A-46CB-BB22-2A0CFD7643DC}"
EndProject
Global
	GlobalSection(SolutionConfigurationPlatforms) = preSolution
		Debug|Any CPU = Debug|Any CPU
		Release|Any CPU = Release|Any CPU
	EndGlobalSection
	GlobalSection(ProjectConfigurationPlatforms) = postSolution
		{2E6F910A-EC5A-46CB-BB22-2A0CFD7643DC}.Debug|Any CPU.ActiveCfg = Debug|Any CPU
		{2E6F910A-EC5A-46CB-BB22-2A0CFD7643DC}.Debug|Any CPU.Build.0 = Debug|Any CPU
		{2E6F910A-EC5A-46CB-BB22-2A0CFD7643DC}.Release|Any CPU.ActiveCfg = Release|Any CPU
		{2E6F910A-EC5A-46CB-BB22-2A0CFD7643DC}.Release|Any CPU.Build.0 = Release|Any CPU
	EndGlobalSection
	GlobalSection(SolutionProperties) = preSolution
		HideSolutionNode = FALSE
	EndGlobalSection
	GlobalSection(ExtensibilityGlobals) = postSolution
		SolutionGuid = {A6178C95-8C18-4303-8A57-D20196CC8FE7}
	EndGlobalSection
EndGlobal
