
Microsoft Visual Studio Solution File, Format Version 12.00
# Visual Studio Version 17
VisualStudioVersion = 17.6.33723.286
MinimumVisualStudioVersion = 10.0.40219.1
Project("{FAE04EC0-301F-11D3-BF4B-00C04F79EFBC}") = "Linked_List_School_Solution", "Linked_List_School_Solution\Linked_List_School_Solution.csproj", "{35E0AA28-3425-4299-ADF0-588C4A21FFF1}"
EndProject
Global
	GlobalSection(SolutionConfigurationPlatforms) = preSolution
		Debug|Any CPU = Debug|Any CPU
		Release|Any CPU = Release|Any CPU
	EndGlobalSection
	GlobalSection(ProjectConfigurationPlatforms) = postSolution
		{35E0AA28-3425-4299-ADF0-588C4A21FFF1}.Debug|Any CPU.ActiveCfg = Debug|Any CPU
		{35E0AA28-3425-4299-ADF0-588C4A21FFF1}.Debug|Any CPU.Build.0 = Debug|Any CPU
		{35E0AA28-3425-4299-ADF0-588C4A21FFF1}.Release|Any CPU.ActiveCfg = Release|Any CPU
		{35E0AA28-3425-4299-ADF0-588C4A21FFF1}.Release|Any CPU.Build.0 = Release|Any CPU
	EndGlobalSection
	GlobalSection(SolutionProperties) = preSolution
		HideSolutionNode = FALSE
	EndGlobalSection
	GlobalSection(ExtensibilityGlobals) = postSolution
		SolutionGuid = {0D485233-11BA-45CC-962B-5FF5B8BB7FE0}
	EndGlobalSection
EndGlobal
